
Microsoft Visual Studio Solution File, Format Version 12.00
# Visual Studio Version 17
VisualStudioVersion = 17.12.35527.113
MinimumVisualStudioVersion = 10.0.40219.1
Project("{FAE04EC0-301F-11D3-BF4B-00C04F79EFBC}") = "BeestjeOpJeFeestje", "BeestjeOpJeFeestje\BeestjeOpJeFeestje.csproj", "{09E951EA-1A1F-4F3E-8B20-819949F30E76}"
EndProject
Project("{FAE04EC0-301F-11D3-BF4B-00C04F79EFBC}") = "BookingUnitTests", "BookingUnitTests\BookingUnitTests.csproj", "{8055DC56-CCE1-4D44-91F1-5F217F087F98}"
EndProject
Global
	GlobalSection(SolutionConfigurationPlatforms) = preSolution
		Debug|Any CPU = Debug|Any CPU
		Release|Any CPU = Release|Any CPU
	EndGlobalSection
	GlobalSection(ProjectConfigurationPlatforms) = postSolution
		{09E951EA-1A1F-4F3E-8B20-819949F30E76}.Debug|Any CPU.ActiveCfg = Debug|Any CPU
		{09E951EA-1A1F-4F3E-8B20-819949F30E76}.Debug|Any CPU.Build.0 = Debug|Any CPU
		{09E951EA-1A1F-4F3E-8B20-819949F30E76}.Release|Any CPU.ActiveCfg = Release|Any CPU
		{09E951EA-1A1F-4F3E-8B20-819949F30E76}.Release|Any CPU.Build.0 = Release|Any CPU
		{8055DC56-CCE1-4D44-91F1-5F217F087F98}.Debug|Any CPU.ActiveCfg = Debug|Any CPU
		{8055DC56-CCE1-4D44-91F1-5F217F087F98}.Debug|Any CPU.Build.0 = Debug|Any CPU
		{8055DC56-CCE1-4D44-91F1-5F217F087F98}.Release|Any CPU.ActiveCfg = Release|Any CPU
		{8055DC56-CCE1-4D44-91F1-5F217F087F98}.Release|Any CPU.Build.0 = Release|Any CPU
	EndGlobalSection
	GlobalSection(SolutionProperties) = preSolution
		HideSolutionNode = FALSE
	EndGlobalSection
EndGlobal
